
Microsoft Visual Studio Solution File, Format Version 11.00
# Visual Studio 2010
Project("{FAE04EC0-301F-11D3-BF4B-00C04F79EFBC}") = "Assembly-CSharp", "Assembly-CSharp.csproj", "{96A7BEF9-21B7-D805-9351-1E0EB46FF4B9}"
EndProject
Project("{FAE04EC0-301F-11D3-BF4B-00C04F79EFBC}") = "Assembly-CSharp-Editor", "Assembly-CSharp-Editor.csproj", "{087496AD-E1DF-F85E-1059-7DFA07D4DE2C}"
EndProject
Global
	GlobalSection(SolutionConfigurationPlatforms) = preSolution
		Debug|Any CPU = Debug|Any CPU
		Release|Any CPU = Release|Any CPU
	EndGlobalSection
	GlobalSection(ProjectConfigurationPlatforms) = postSolution
		{96A7BEF9-21B7-D805-9351-1E0EB46FF4B9}.Debug|Any CPU.ActiveCfg = Debug|Any CPU
		{96A7BEF9-21B7-D805-9351-1E0EB46FF4B9}.Debug|Any CPU.Build.0 = Debug|Any CPU
		{96A7BEF9-21B7-D805-9351-1E0EB46FF4B9}.Release|Any CPU.ActiveCfg = Release|Any CPU
		{96A7BEF9-21B7-D805-9351-1E0EB46FF4B9}.Release|Any CPU.Build.0 = Release|Any CPU
		{087496AD-E1DF-F85E-1059-7DFA07D4DE2C}.Debug|Any CPU.ActiveCfg = Debug|Any CPU
		{087496AD-E1DF-F85E-1059-7DFA07D4DE2C}.Debug|Any CPU.Build.0 = Debug|Any CPU
		{087496AD-E1DF-F85E-1059-7DFA07D4DE2C}.Release|Any CPU.ActiveCfg = Release|Any CPU
		{087496AD-E1DF-F85E-1059-7DFA07D4DE2C}.Release|Any CPU.Build.0 = Release|Any CPU
	EndGlobalSection
	GlobalSection(SolutionProperties) = preSolution
		HideSolutionNode = FALSE
	EndGlobalSection
EndGlobal
